PODS:
  - DevKit/CalendarPermissionsValidator (0.1.0)
  - DevKit/SharedOptions/ShadowOptions (0.1.0)
  - DevKit/TransitioningNavigationView (0.1.0):
    - DevKit/SharedOptions/ShadowOptions

DEPENDENCIES:
  - DevKit/CalendarPermissionsValidator (from `../`)
  - DevKit/TransitioningNavigationView (from `../`)

EXTERNAL SOURCES:
  DevKit:
    :path: "../"

SPEC CHECKSUMS:
  DevKit: 49500301c6f33561c6af7324e28280a6af5a55a5

PODFILE CHECKSUM: c1415d0931ff5b88e93bb8a45f04471a34485bd3

COCOAPODS: 1.5.0
