PODS:
  - DevKit/CalendarPermissionsValidator (0.1.0)

DEPENDENCIES:
  - DevKit/CalendarPermissionsValidator (from `../`)

EXTERNAL SOURCES:
  DevKit:
    :path: ../

SPEC CHECKSUMS:
  DevKit: d3b794c40428c6b2e56aa6a268a1704b1e952a28

PODFILE CHECKSUM: 5d7b068c319a51727756cc7b8f0bc101ac6c2a93

COCOAPODS: 1.4.0
