PODS:
  - Marker (1.1.0)
  - PureLayout (3.0.2)

DEPENDENCIES:
  - Marker (= 1.1.0)
  - PureLayout (= 3.0.2)

SPEC REPOS:
  https://github.com/CocoaPods/Specs.git:
    - Marker
    - PureLayout

SPEC CHECKSUMS:
  Marker: f35e0b5d9c97d6997d6b89b23f189e0e4cc127c7
  PureLayout: 4d550abe49a94f24c2808b9b95db9131685fe4cd

PODFILE CHECKSUM: 76e596d8dafd8f887deb642b86de1f8f820a97ce

COCOAPODS: 1.5.0
