PODS:
  - Alamofire (4.7.2)
  - Bellerophon (1.2.0)
  - DevKit (0.1.0):
    - DevKit/Authentication (= 0.1.0)
    - DevKit/DataStructures (= 0.1.0)
    - DevKit/Extensions (= 0.1.0)
    - DevKit/InfinityPageControl (= 0.1.0)
    - DevKit/LoadingIndicator (= 0.1.0)
    - DevKit/SharedOptions (= 0.1.0)
    - DevKit/TransitioningNavigationView (= 0.1.0)
    - DevKit/Utility (= 0.1.0)
  - DevKit/Authentication (0.1.0)
  - DevKit/DataStructures (0.1.0):
    - DevKit/DataStructures/LinkedList (= 0.1.0)
    - DevKit/DataStructures/Stack (= 0.1.0)
  - DevKit/DataStructures/LinkedList (0.1.0)
  - DevKit/DataStructures/Stack (0.1.0)
  - DevKit/Extensions (0.1.0):
    - DevKit/Extensions/BundleExtension (= 0.1.0)
    - DevKit/Extensions/CALayerExtension (= 0.1.0)
    - DevKit/Extensions/DateFormatterExtension (= 0.1.0)
    - DevKit/Extensions/StringExtension (= 0.1.0)
    - DevKit/Extensions/TextStyleExtension (= 0.1.0)
    - DevKit/Extensions/UIAlertControllerExtension (= 0.1.0)
    - DevKit/Extensions/UIApplicationExtension (= 0.1.0)
    - DevKit/Extensions/UIColorExtension (= 0.1.0)
    - DevKit/Extensions/UIImageExtension (= 0.1.0)
    - DevKit/Extensions/UITableViewExtension (= 0.1.0)
    - DevKit/Utility/ReusableView
  - DevKit/Extensions/BundleExtension (0.1.0):
    - DevKit/Utility/ReusableView
  - DevKit/Extensions/CALayerExtension (0.1.0):
    - DevKit/Utility/ReusableView
  - DevKit/Extensions/DateFormatterExtension (0.1.0):
    - DevKit/Utility/ReusableView
  - DevKit/Extensions/StringExtension (0.1.0):
    - DevKit/Utility/ReusableView
  - DevKit/Extensions/TextStyleExtension (0.1.0):
    - DevKit/Utility/ReusableView
  - DevKit/Extensions/UIAlertControllerExtension (0.1.0):
    - DevKit/Utility/ReusableView
  - DevKit/Extensions/UIApplicationExtension (0.1.0):
    - DevKit/Utility/ReusableView
  - DevKit/Extensions/UIColorExtension (0.1.0):
    - DevKit/Utility/ReusableView
  - DevKit/Extensions/UIImageExtension (0.1.0):
    - DevKit/Utility/ReusableView
  - DevKit/Extensions/UITableViewExtension (0.1.0):
    - DevKit/Utility/ReusableView
  - DevKit/InfinityPageControl (0.1.0)
  - DevKit/LoadingIndicator (0.1.0)
  - DevKit/SharedOptions (0.1.0):
    - DevKit/SharedOptions/ShadowOptions (= 0.1.0)
  - DevKit/SharedOptions/ShadowOptions (0.1.0)
  - DevKit/TransitioningNavigationView (0.1.0):
    - DevKit/SharedOptions/ShadowOptions
    - Marker (~> 1.1.0)
    - PureLayout (~> 3.0.2)
  - DevKit/Utility (0.1.0):
    - DevKit/Utility/APIError (= 0.1.0)
    - DevKit/Utility/CalendarPermissionsValidator (= 0.1.0)
    - DevKit/Utility/Haptics (= 0.1.0)
    - DevKit/Utility/HTTPClient (= 0.1.0)
    - DevKit/Utility/ImagePickerValidator (= 0.1.0)
    - DevKit/Utility/KeyboardObserver (= 0.1.0)
    - DevKit/Utility/KillSwitchProvider (= 0.1.0)
    - DevKit/Utility/ReusableView (= 0.1.0)
    - DevKit/Utility/SessionManager (= 0.1.0)
  - DevKit/Utility/APIError (0.1.0):
    - Bellerophon (= 1.2.0)
  - DevKit/Utility/CalendarPermissionsValidator (0.1.0):
    - DevKit/Extensions/StringExtension
    - DevKit/Extensions/UIAlertControllerExtension
    - DevKit/Extensions/UIApplicationExtension
  - DevKit/Utility/Haptics (0.1.0)
  - DevKit/Utility/HTTPClient (0.1.0):
    - Alamofire (= 4.7.2)
  - DevKit/Utility/ImagePickerValidator (0.1.0):
    - DevKit/Extensions/StringExtension
  - DevKit/Utility/KeyboardObserver (0.1.0)
  - DevKit/Utility/KillSwitchProvider (0.1.0):
    - Bellerophon (= 1.2.0)
    - DevKit/Utility/APIError
  - DevKit/Utility/ReusableView (0.1.0)
  - DevKit/Utility/SessionManager (0.1.0):
    - KeychainAccess (= 3.1.0)
  - KeychainAccess (3.1.0)
  - Marker (1.1.0)
  - PureLayout (3.0.2)

DEPENDENCIES:
  - DevKit (from `../../`)

SPEC REPOS:
  https://github.com/cocoapods/specs.git:
    - Alamofire
    - Bellerophon
    - KeychainAccess
    - Marker
    - PureLayout

EXTERNAL SOURCES:
  DevKit:
    :path: "../../"

SPEC CHECKSUMS:
  Alamofire: e4fa87002c137ba2d8d634d2c51fabcda0d5c223
  Bellerophon: fbeff4978425599a129ff2bebfbd8beddf06e919
  DevKit: c39f9d5c5ce40ab92a61cd38e14d1b285ba2f1aa
  KeychainAccess: 94c5540b32eabf7bc32bfb976a268e8ea05fd6da
  Marker: f35e0b5d9c97d6997d6b89b23f189e0e4cc127c7
  PureLayout: 4d550abe49a94f24c2808b9b95db9131685fe4cd

PODFILE CHECKSUM: f667d31c8be4aff66b75171a9e34fb3dce48c268

COCOAPODS: 1.5.3
